
Microsoft Visual Studio Solution File, Format Version 12.00
# Visual Studio Version 17
VisualStudioVersion = 17.6.33815.320
MinimumVisualStudioVersion = 10.0.40219.1
Project("{2150E333-8FDC-42A3-9474-1A3956D46DE8}") = "1 - UI", "1 - UI", "{930994EB-D982-4A49-9030-741EA06F2F01}"
EndProject
Project("{2150E333-8FDC-42A3-9474-1A3956D46DE8}") = "2 - API", "2 - API", "{9F64AEC1-E155-4B08-A640-B8EA242086F8}"
EndProject
Project("{2150E333-8FDC-42A3-9474-1A3956D46DE8}") = "3 - Core", "3 - Core", "{AC4BC482-C7F2-49D6-95A0-1BA58B681A4B}"
EndProject
Project("{2150E333-8FDC-42A3-9474-1A3956D46DE8}") = "4 - Helper", "4 - Helper", "{B6578DAF-18A1-4221-B3FC-621353D62211}"
EndProject
Project("{9A19103F-16F7-4668-BE54-9A1E7A4F7556}") = "LFHSystems.BeMyLead.BlazorWebApp", "LFHSystems.BeMyLead.BlazorWebApp\LFHSystems.BeMyLead.BlazorWebApp.csproj", "{A81434B4-D959-4704-B92F-09846109FE18}"
EndProject
Project("{9A19103F-16F7-4668-BE54-9A1E7A4F7556}") = "LFHSystems.BeMyLead.WebAPI", "LFHSystems.BeMyLead.WebAPI\LFHSystems.BeMyLead.WebAPI.csproj", "{DC1E552D-9A4F-4761-8BF7-2A9F4AA043E5}"
EndProject
Project("{9A19103F-16F7-4668-BE54-9A1E7A4F7556}") = "LFHSystems.BeMyLead.Business", "LFHSystems.BeMyLead.Business\LFHSystems.BeMyLead.Business.csproj", "{EAEEE9F1-6968-4E72-8A58-30A50D6EDB08}"
EndProject
Project("{9A19103F-16F7-4668-BE54-9A1E7A4F7556}") = "LFHSystems.BeMyLead.Model", "LFHSystems.BeMyLead.Model\LFHSystems.BeMyLead.Model.csproj", "{832079B3-D232-4C64-901D-7CF1F4A9BBA1}"
EndProject
Project("{9A19103F-16F7-4668-BE54-9A1E7A4F7556}") = "LFHSystems.BeMyLead.Repository", "LFHSystems.BeMyLead.Repository\LFHSystems.BeMyLead.Repository.csproj", "{5EB9F933-707C-47D6-A23B-32332EB9F88D}"
EndProject
Project("{9A19103F-16F7-4668-BE54-9A1E7A4F7556}") = "LFHSystems.BeMyLead.Interface", "LFHSystems.BeMyLead.Interface\LFHSystems.BeMyLead.Interface.csproj", "{96B68810-8512-4CFA-A12D-7301AB53CFEC}"
EndProject
Project("{9A19103F-16F7-4668-BE54-9A1E7A4F7556}") = "LFHSystems.BeMyLead.Utils", "LFHSystems.BeMyLead.Utils\LFHSystems.BeMyLead.Utils.csproj", "{43F9381E-DE47-40C2-B089-5C949D411D15}"
EndProject
Project("{FAE04EC0-301F-11D3-BF4B-00C04F79EFBC}") = "LFHSystems.BeMyLead.WPFApp", "LFHSystems.BeMyLead.WPFApp\LFHSystems.BeMyLead.WPFApp.csproj", "{408FA92D-975D-43B4-BBC6-271B66FB67F4}"
EndProject
Global
	GlobalSection(SolutionConfigurationPlatforms) = preSolution
		Debug|Any CPU = Debug|Any CPU
		Release|Any CPU = Release|Any CPU
	EndGlobalSection
	GlobalSection(ProjectConfigurationPlatforms) = postSolution
		{A81434B4-D959-4704-B92F-09846109FE18}.Debug|Any CPU.ActiveCfg = Debug|Any CPU
		{A81434B4-D959-4704-B92F-09846109FE18}.Debug|Any CPU.Build.0 = Debug|Any CPU
		{A81434B4-D959-4704-B92F-09846109FE18}.Release|Any CPU.ActiveCfg = Release|Any CPU
		{A81434B4-D959-4704-B92F-09846109FE18}.Release|Any CPU.Build.0 = Release|Any CPU
		{DC1E552D-9A4F-4761-8BF7-2A9F4AA043E5}.Debug|Any CPU.ActiveCfg = Debug|Any CPU
		{DC1E552D-9A4F-4761-8BF7-2A9F4AA043E5}.Debug|Any CPU.Build.0 = Debug|Any CPU
		{DC1E552D-9A4F-4761-8BF7-2A9F4AA043E5}.Release|Any CPU.ActiveCfg = Release|Any CPU
		{DC1E552D-9A4F-4761-8BF7-2A9F4AA043E5}.Release|Any CPU.Build.0 = Release|Any CPU
		{EAEEE9F1-6968-4E72-8A58-30A50D6EDB08}.Debug|Any CPU.ActiveCfg = Debug|Any CPU
		{EAEEE9F1-6968-4E72-8A58-30A50D6EDB08}.Debug|Any CPU.Build.0 = Debug|Any CPU
		{EAEEE9F1-6968-4E72-8A58-30A50D6EDB08}.Release|Any CPU.ActiveCfg = Release|Any CPU
		{EAEEE9F1-6968-4E72-8A58-30A50D6EDB08}.Release|Any CPU.Build.0 = Release|Any CPU
		{832079B3-D232-4C64-901D-7CF1F4A9BBA1}.Debug|Any CPU.ActiveCfg = Debug|Any CPU
		{832079B3-D232-4C64-901D-7CF1F4A9BBA1}.Debug|Any CPU.Build.0 = Debug|Any CPU
		{832079B3-D232-4C64-901D-7CF1F4A9BBA1}.Release|Any CPU.ActiveCfg = Release|Any CPU
		{832079B3-D232-4C64-901D-7CF1F4A9BBA1}.Release|Any CPU.Build.0 = Release|Any CPU
		{5EB9F933-707C-47D6-A23B-32332EB9F88D}.Debug|Any CPU.ActiveCfg = Debug|Any CPU
		{5EB9F933-707C-47D6-A23B-32332EB9F88D}.Debug|Any CPU.Build.0 = Debug|Any CPU
		{5EB9F933-707C-47D6-A23B-32332EB9F88D}.Release|Any CPU.ActiveCfg = Release|Any CPU
		{5EB9F933-707C-47D6-A23B-32332EB9F88D}.Release|Any CPU.Build.0 = Release|Any CPU
		{96B68810-8512-4CFA-A12D-7301AB53CFEC}.Debug|Any CPU.ActiveCfg = Debug|Any CPU
		{96B68810-8512-4CFA-A12D-7301AB53CFEC}.Debug|Any CPU.Build.0 = Debug|Any CPU
		{96B68810-8512-4CFA-A12D-7301AB53CFEC}.Release|Any CPU.ActiveCfg = Release|Any CPU
		{96B68810-8512-4CFA-A12D-7301AB53CFEC}.Release|Any CPU.Build.0 = Release|Any CPU
		{43F9381E-DE47-40C2-B089-5C949D411D15}.Debug|Any CPU.ActiveCfg = Debug|Any CPU
		{43F9381E-DE47-40C2-B089-5C949D411D15}.Debug|Any CPU.Build.0 = Debug|Any CPU
		{43F9381E-DE47-40C2-B089-5C949D411D15}.Release|Any CPU.ActiveCfg = Release|Any CPU
		{43F9381E-DE47-40C2-B089-5C949D411D15}.Release|Any CPU.Build.0 = Release|Any CPU
		{408FA92D-975D-43B4-BBC6-271B66FB67F4}.Debug|Any CPU.ActiveCfg = Debug|Any CPU
		{408FA92D-975D-43B4-BBC6-271B66FB67F4}.Debug|Any CPU.Build.0 = Debug|Any CPU
		{408FA92D-975D-43B4-BBC6-271B66FB67F4}.Release|Any CPU.ActiveCfg = Release|Any CPU
		{408FA92D-975D-43B4-BBC6-271B66FB67F4}.Release|Any CPU.Build.0 = Release|Any CPU
	EndGlobalSection
	GlobalSection(SolutionProperties) = preSolution
		HideSolutionNode = FALSE
	EndGlobalSection
	GlobalSection(NestedProjects) = preSolution
		{A81434B4-D959-4704-B92F-09846109FE18} = {930994EB-D982-4A49-9030-741EA06F2F01}
		{DC1E552D-9A4F-4761-8BF7-2A9F4AA043E5} = {9F64AEC1-E155-4B08-A640-B8EA242086F8}
		{EAEEE9F1-6968-4E72-8A58-30A50D6EDB08} = {AC4BC482-C7F2-49D6-95A0-1BA58B681A4B}
		{832079B3-D232-4C64-901D-7CF1F4A9BBA1} = {AC4BC482-C7F2-49D6-95A0-1BA58B681A4B}
		{5EB9F933-707C-47D6-A23B-32332EB9F88D} = {AC4BC482-C7F2-49D6-95A0-1BA58B681A4B}
		{96B68810-8512-4CFA-A12D-7301AB53CFEC} = {B6578DAF-18A1-4221-B3FC-621353D62211}
		{43F9381E-DE47-40C2-B089-5C949D411D15} = {B6578DAF-18A1-4221-B3FC-621353D62211}
		{408FA92D-975D-43B4-BBC6-271B66FB67F4} = {930994EB-D982-4A49-9030-741EA06F2F01}
	EndGlobalSection
	GlobalSection(ExtensibilityGlobals) = postSolution
		SolutionGuid = {C863DB47-BDE8-48F6-BBDB-2C27B7A4EE29}
	EndGlobalSection
EndGlobal
